
Microsoft Visual Studio Solution File, Format Version 12.00
# Visual Studio 14
VisualStudioVersion = 14.0.23107.0
MinimumVisualStudioVersion = 10.0.40219.1
Project("{FAE04EC0-301F-11D3-BF4B-00C04F79EFBC}") = "AdventOfCode1", "AdventOfCode1\AdventOfCode1.csproj", "{8986968C-3EB1-4C62-B8E8-F920D5904ACE}"
EndProject
Project("{2150E333-8FDC-42A3-9474-1A3956D46DE8}") = "Solution Items", "Solution Items", "{301E1C14-1A25-4BE1-8A94-EEF3BD491C82}"
	ProjectSection(SolutionItems) = preProject
		..\..\..\..\Desktop\santasteps.txt = ..\..\..\..\Desktop\santasteps.txt
	EndProjectSection
EndProject
Global
	GlobalSection(SolutionConfigurationPlatforms) = preSolution
		Debug|Any CPU = Debug|Any CPU
		Release|Any CPU = Release|Any CPU
	EndGlobalSection
	GlobalSection(ProjectConfigurationPlatforms) = postSolution
		{8986968C-3EB1-4C62-B8E8-F920D5904ACE}.Debug|Any CPU.ActiveCfg = Debug|Any CPU
		{8986968C-3EB1-4C62-B8E8-F920D5904ACE}.Debug|Any CPU.Build.0 = Debug|Any CPU
		{8986968C-3EB1-4C62-B8E8-F920D5904ACE}.Release|Any CPU.ActiveCfg = Release|Any CPU
		{8986968C-3EB1-4C62-B8E8-F920D5904ACE}.Release|Any CPU.Build.0 = Release|Any CPU
	EndGlobalSection
	GlobalSection(SolutionProperties) = preSolution
		HideSolutionNode = FALSE
	EndGlobalSection
EndGlobal
